
Microsoft Visual Studio Solution File, Format Version 12.00
# Visual Studio Express 2012 for Windows Desktop
Project("{FAE04EC0-301F-11D3-BF4B-00C04F79EFBC}") = "L10_Tema", "L10_Tema\L10_Tema.csproj", "{E6F4366F-6EA8-4D6E-8F42-916A00F3EA7D}"
EndProject
Global
	GlobalSection(SolutionConfigurationPlatforms) = preSolution
		Debug|Any CPU = Debug|Any CPU
		Release|Any CPU = Release|Any CPU
	EndGlobalSection
	GlobalSection(ProjectConfigurationPlatforms) = postSolution
		{E6F4366F-6EA8-4D6E-8F42-916A00F3EA7D}.Debug|Any CPU.ActiveCfg = Debug|Any CPU
		{E6F4366F-6EA8-4D6E-8F42-916A00F3EA7D}.Debug|Any CPU.Build.0 = Debug|Any CPU
		{E6F4366F-6EA8-4D6E-8F42-916A00F3EA7D}.Release|Any CPU.ActiveCfg = Release|Any CPU
		{E6F4366F-6EA8-4D6E-8F42-916A00F3EA7D}.Release|Any CPU.Build.0 = Release|Any CPU
	EndGlobalSection
	GlobalSection(SolutionProperties) = preSolution
		HideSolutionNode = FALSE
	EndGlobalSection
EndGlobal
