
Microsoft Visual Studio Solution File, Format Version 12.00
# Visual Studio 14
VisualStudioVersion = 14.0.25420.1
MinimumVisualStudioVersion = 10.0.40219.1
Project("{FAE04EC0-301F-11D3-BF4B-00C04F79EFBC}") = "VectorSumThread", "VectorSumThread\VectorSumThread.csproj", "{07939FD4-3C91-48BF-BA05-8C7BB24BD81A}"
EndProject
Global
	GlobalSection(SolutionConfigurationPlatforms) = preSolution
		Debug|Any CPU = Debug|Any CPU
		Release|Any CPU = Release|Any CPU
	EndGlobalSection
	GlobalSection(ProjectConfigurationPlatforms) = postSolution
		{07939FD4-3C91-48BF-BA05-8C7BB24BD81A}.Debug|Any CPU.ActiveCfg = Debug|Any CPU
		{07939FD4-3C91-48BF-BA05-8C7BB24BD81A}.Debug|Any CPU.Build.0 = Debug|Any CPU
		{07939FD4-3C91-48BF-BA05-8C7BB24BD81A}.Release|Any CPU.ActiveCfg = Release|Any CPU
		{07939FD4-3C91-48BF-BA05-8C7BB24BD81A}.Release|Any CPU.Build.0 = Release|Any CPU
	EndGlobalSection
	GlobalSection(SolutionProperties) = preSolution
		HideSolutionNode = FALSE
	EndGlobalSection
EndGlobal
