
Microsoft Visual Studio Solution File, Format Version 12.00
# Visual Studio 2013
VisualStudioVersion = 12.0.21005.1
MinimumVisualStudioVersion = 10.0.40219.1
Project("{8BC9CEB8-8B4A-11D0-8D11-00A0C91BC942}") = "Stiva-Coada", "Stiva-Coada\Stiva-Coada.vcxproj", "{601AC0C9-FE7C-43FC-8F35-7EA6A05A4673}"
EndProject
Global
	GlobalSection(SolutionConfigurationPlatforms) = preSolution
		Debug|Win32 = Debug|Win32
		Release|Win32 = Release|Win32
	EndGlobalSection
	GlobalSection(ProjectConfigurationPlatforms) = postSolution
		{601AC0C9-FE7C-43FC-8F35-7EA6A05A4673}.Debug|Win32.ActiveCfg = Debug|Win32
		{601AC0C9-FE7C-43FC-8F35-7EA6A05A4673}.Debug|Win32.Build.0 = Debug|Win32
		{601AC0C9-FE7C-43FC-8F35-7EA6A05A4673}.Release|Win32.ActiveCfg = Release|Win32
		{601AC0C9-FE7C-43FC-8F35-7EA6A05A4673}.Release|Win32.Build.0 = Release|Win32
	EndGlobalSection
	GlobalSection(SolutionProperties) = preSolution
		HideSolutionNode = FALSE
	EndGlobalSection
EndGlobal
